// !$*UTF8*$!
{
	archiveVersion = 1;
	classes = {
	};
	objectVersion = 56;
	objects = {

/* Begin PBXBuildFile section */
		F2737FD02CF29FFE00C02529 /* BeReal_CloneApp.swift in Sources */ = {isa = PBXBuildFile; fileRef = F2737FCF2CF29FFE00C02529 /* BeReal_CloneApp.swift */; };
		F2737FD22CF29FFE00C02529 /* ContentView.swift in Sources */ = {isa = PBXBuildFile; fileRef = F2737FD12CF29FFE00C02529 /* ContentView.swift */; };
		F2737FD42CF2A00000C02529 /* Assets.xcassets in Resources */ = {isa = PBXBuildFile; fileRef = F2737FD32CF2A00000C02529 /* Assets.xcassets */; };
		F2737FD72CF2A00000C02529 /* Preview Assets.xcassets in Resources */ = {isa = PBXBuildFile; fileRef = F2737FD62CF2A00000C02529 /* Preview Assets.xcassets */; };
		F2737FDE2CF2A02900C02529 /* AppDelegate.swift in Sources */ = {isa = PBXBuildFile; fileRef = F2737FDD2CF2A02900C02529 /* AppDelegate.swift */; };
		F2737FE02CF2A07900C02529 /* SignUpViewController.swift in Sources */ = {isa = PBXBuildFile; fileRef = F2737FDF2CF2A07900C02529 /* SignUpViewController.swift */; };
		F2737FE22CF2A0B900C02529 /* LoginviewController.swift in Sources */ = {isa = PBXBuildFile; fileRef = F2737FE12CF2A0B900C02529 /* LoginviewController.swift */; };
		F2737FE42CF2A0F600C02529 /* FeedViewController.swift in Sources */ = {isa = PBXBuildFile; fileRef = F2737FE32CF2A0F600C02529 /* FeedViewController.swift */; };
		F2737FE62CF2A19200C02529 /* PostViewController.swift in Sources */ = {isa = PBXBuildFile; fileRef = F2737FE52CF2A19200C02529 /* PostViewController.swift */; };
		F2737FE82CF2A21200C02529 /* PostUploadController.swift in Sources */ = {isa = PBXBuildFile; fileRef = F2737FE72CF2A21200C02529 /* PostUploadController.swift */; };
		F2737FEA2CF2A28B00C02529 /* FeedShowController.swift in Sources */ = {isa = PBXBuildFile; fileRef = F2737FE92CF2A28B00C02529 /* FeedShowController.swift */; };
		F2737FED2CF377BC00C02529 /* ParseSwift in Frameworks */ = {isa = PBXBuildFile; productRef = F2737FEC2CF377BC00C02529 /* ParseSwift */; };
		F2737FEF2CF3784E00C02529 /* TaskViewList.swift in Sources */ = {isa = PBXBuildFile; fileRef = F2737FEE2CF3784E00C02529 /* TaskViewList.swift */; };
/* End PBXBuildFile section */

/* Begin PBXFileReference section */
		F2737FCC2CF29FFE00C02529 /* BeReal_Clone.app */ = {isa = PBXFileReference; explicitFileType = wrapper.application; includeInIndex = 0; path = BeReal_Clone.app; sourceTree = BUILT_PRODUCTS_DIR; };
		F2737FCF2CF29FFE00C02529 /* BeReal_CloneApp.swift */ = {isa = PBXFileReference; lastKnownFileType = sourcecode.swift; path = BeReal_CloneApp.swift; sourceTree = "<group>"; };
		F2737FD12CF29FFE00C02529 /* ContentView.swift */ = {isa = PBXFileReference; lastKnownFileType = sourcecode.swift; path = ContentView.swift; sourceTree = "<group>"; };
		F2737FD32CF2A00000C02529 /* Assets.xcassets */ = {isa = PBXFileReference; lastKnownFileType = folder.assetcatalog; path = Assets.xcassets; sourceTree = "<group>"; };
		F2737FD62CF2A00000C02529 /* Preview Assets.xcassets */ = {isa = PBXFileReference; lastKnownFileType = folder.assetcatalog; path = "Preview Assets.xcassets"; sourceTree = "<group>"; };
		F2737FDD2CF2A02900C02529 /* AppDelegate.swift */ = {isa = PBXFileReference; lastKnownFileType = sourcecode.swift; path = AppDelegate.swift; sourceTree = "<group>"; };
		F2737FDF2CF2A07900C02529 /* SignUpViewController.swift */ = {isa = PBXFileReference; lastKnownFileType = sourcecode.swift; path = SignUpViewController.swift; sourceTree = "<group>"; };
		F2737FE12CF2A0B900C02529 /* LoginviewController.swift */ = {isa = PBXFileReference; lastKnownFileType = sourcecode.swift; path = LoginviewController.swift; sourceTree = "<group>"; };
		F2737FE32CF2A0F600C02529 /* FeedViewController.swift */ = {isa = PBXFileReference; lastKnownFileType = sourcecode.swift; path = FeedViewController.swift; sourceTree = "<group>"; };
		F2737FE52CF2A19200C02529 /* PostViewController.swift */ = {isa = PBXFileReference; lastKnownFileType = sourcecode.swift; path = PostViewController.swift; sourceTree = "<group>"; };
		F2737FE72CF2A21200C02529 /* PostUploadController.swift */ = {isa = PBXFileReference; lastKnownFileType = sourcecode.swift; path = PostUploadController.swift; sourceTree = "<group>"; };
		F2737FE92CF2A28B00C02529 /* FeedShowController.swift */ = {isa = PBXFileReference; lastKnownFileType = sourcecode.swift; path = FeedShowController.swift; sourceTree = "<group>"; };
		F2737FEE2CF3784E00C02529 /* TaskViewList.swift */ = {isa = PBXFileReference; lastKnownFileType = sourcecode.swift; path = TaskViewList.swift; sourceTree = "<group>"; };
/* End PBXFileReference section */

/* Begin PBXFrameworksBuildPhase section */
		F2737FC92CF29FFE00C02529 /* Frameworks */ = {
			isa = PBXFrameworksBuildPhase;
			buildActionMask = 2147483647;
			files = (
				F2737FED2CF377BC00C02529 /* ParseSwift in Frameworks */,
			);
			runOnlyForDeploymentPostprocessing = 0;
		};
/* End PBXFrameworksBuildPhase section */

/* Begin PBXGroup section */
		F2737FC32CF29FFE00C02529 = {
			isa = PBXGroup;
			children = (
				F2737FEE2CF3784E00C02529 /* TaskViewList.swift */,
				F2737FE92CF2A28B00C02529 /* FeedShowController.swift */,
				F2737FE72CF2A21200C02529 /* PostUploadController.swift */,
				F2737FE52CF2A19200C02529 /* PostViewController.swift */,
				F2737FE32CF2A0F600C02529 /* FeedViewController.swift */,
				F2737FE12CF2A0B900C02529 /* LoginviewController.swift */,
				F2737FDF2CF2A07900C02529 /* SignUpViewController.swift */,
				F2737FDD2CF2A02900C02529 /* AppDelegate.swift */,
				F2737FCE2CF29FFE00C02529 /* BeReal_Clone */,
				F2737FCD2CF29FFE00C02529 /* Products */,
			);
			sourceTree = "<group>";
		};
		F2737FCD2CF29FFE00C02529 /* Products */ = {
			isa = PBXGroup;
			children = (
				F2737FCC2CF29FFE00C02529 /* BeReal_Clone.app */,
			);
			name = Products;
			sourceTree = "<group>";
		};
		F2737FCE2CF29FFE00C02529 /* BeReal_Clone */ = {
			isa = PBXGroup;
			children = (
				F2737FCF2CF29FFE00C02529 /* BeReal_CloneApp.swift */,
				F2737FD12CF29FFE00C02529 /* ContentView.swift */,
				F2737FD32CF2A00000C02529 /* Assets.xcassets */,
				F2737FD52CF2A00000C02529 /* Preview Content */,
			);
			path = BeReal_Clone;
			sourceTree = "<group>";
		};
		F2737FD52CF2A00000C02529 /* Preview Content */ = {
			isa = PBXGroup;
			children = (
				F2737FD62CF2A00000C02529 /* Preview Assets.xcassets */,
			);
			path = "Preview Content";
			sourceTree = "<group>";
		};
/* End PBXGroup section */

/* Begin PBXNativeTarget section */
		F2737FCB2CF29FFE00C02529 /* BeReal_Clone */ = {
			isa = PBXNativeTarget;
			buildConfigurationList = F2737FDA2CF2A00000C02529 /* Build configuration list for PBXNativeTarget "BeReal_Clone" */;
			buildPhases = (
				F2737FC82CF29FFE00C02529 /* Sources */,
				F2737FC92CF29FFE00C02529 /* Frameworks */,
				F2737FCA2CF29FFE00C02529 /* Resources */,
			);
			buildRules = (
			);
			dependencies = (
			);
			name = BeReal_Clone;
			packageProductDependencies = (
				F2737FEC2CF377BC00C02529 /* ParseSwift */,
			);
			productName = BeReal_Clone;
			productReference = F2737FCC2CF29FFE00C02529 /* BeReal_Clone.app */;
			productType = "com.apple.product-type.application";
		};
/* End PBXNativeTarget section */

/* Begin PBXProject section */
		F2737FC42CF29FFE00C02529 /* Project object */ = {
			isa = PBXProject;
			attributes = {
				BuildIndependentTargetsInParallel = 1;
				LastSwiftUpdateCheck = 1540;
				LastUpgradeCheck = 1540;
				TargetAttributes = {
					F2737FCB2CF29FFE00C02529 = {
						CreatedOnToolsVersion = 15.4;
					};
				};
			};
			buildConfigurationList = F2737FC72CF29FFE00C02529 /* Build configuration list for PBXProject "BeReal_Clone" */;
			compatibilityVersion = "Xcode 14.0";
			developmentRegion = en;
			hasScannedForEncodings = 0;
			knownRegions = (
				en,
				Base,
			);
			mainGroup = F2737FC32CF29FFE00C02529;
			packageReferences = (
				F2737FEB2CF377BC00C02529 /* XCRemoteSwiftPackageReference "Parse-Swift" */,
			);
			productRefGroup = F2737FCD2CF29FFE00C02529 /* Products */;
			projectDirPath = "";
			projectRoot = "";
			targets = (
				F2737FCB2CF29FFE00C02529 /* BeReal_Clone */,
			);
		};
/* End PBXProject section */

/* Begin PBXResourcesBuildPhase section */
		F2737FCA2CF29FFE00C02529 /* Resources */ = {
			isa = PBXResourcesBuildPhase;
			buildActionMask = 2147483647;
			files = (
				F2737FD72CF2A00000C02529 /* Preview Assets.xcassets in Resources */,
				F2737FD42CF2A00000C02529 /* Assets.xcassets in Resources */,
			);
			runOnlyForDeploymentPostprocessing = 0;
		};
/* End PBXResourcesBuildPhase section */

/* Begin PBXSourcesBuildPhase section */
		F2737FC82CF29FFE00C02529 /* Sources */ = {
			isa = PBXSourcesBuildPhase;
			buildActionMask = 2147483647;
			files = (
				F2737FDE2CF2A02900C02529 /* AppDelegate.swift in Sources */,
				F2737FD22CF29FFE00C02529 /* ContentView.swift in Sources */,
				F2737FE62CF2A19200C02529 /* PostViewController.swift in Sources */,
				F2737FE02CF2A07900C02529 /* SignUpViewController.swift in Sources */,
				F2737FE82CF2A21200C02529 /* PostUploadController.swift in Sources */,
				F2737FEF2CF3784E00C02529 /* TaskViewList.swift in Sources */,
				F2737FEA2CF2A28B00C02529 /* FeedShowController.swift in Sources */,
				F2737FE22CF2A0B900C02529 /* LoginviewController.swift in Sources */,
				F2737FE42CF2A0F600C02529 /* FeedViewController.swift in Sources */,
				F2737FD02CF29FFE00C02529 /* BeReal_CloneApp.swift in Sources */,
			);
			runOnlyForDeploymentPostprocessing = 0;
		};
/* End PBXSourcesBuildPhase section */

/* Begin XCBuildConfiguration section */
		F2737FD82CF2A00000C02529 /* Debug */ = {
			isa = XCBuildConfiguration;
			buildSettings = {
				ALWAYS_SEARCH_USER_PATHS = NO;
				ASSETCATALOG_COMPILER_GENERATE_SWIFT_ASSET_SYMBOL_EXTENSIONS = YES;
				CLANG_ANALYZER_NONNULL = YES;
				CLANG_ANALYZER_NUMBER_OBJECT_CONVERSION = YES_AGGRESSIVE;
				CLANG_CXX_LANGUAGE_STANDARD = "gnu++20";
				CLANG_ENABLE_MODULES = YES;
				CLANG_ENABLE_OBJC_ARC = YES;
				CLANG_ENABLE_OBJC_WEAK = YES;
				CLANG_WARN_BLOCK_CAPTURE_AUTORELEASING = YES;
				CLANG_WARN_BOOL_CONVERSION = YES;
				CLANG_WARN_COMMA = YES;
				CLANG_WARN_CONSTANT_CONVERSION = YES;
				CLANG_WARN_DEPRECATED_OBJC_IMPLEMENTATIONS = YES;
				CLANG_WARN_DIRECT_OBJC_ISA_USAGE = YES_ERROR;
				CLANG_WARN_DOCUMENTATION_COMMENTS = YES;
				CLANG_WARN_EMPTY_BODY = YES;
				CLANG_WARN_ENUM_CONVERSION = YES;
				CLANG_WARN_INFINITE_RECURSION = YES;
				CLANG_WARN_INT_CONVERSION = YES;
				CLANG_WARN_NON_LITERAL_NULL_CONVERSION = YES;
				CLANG_WARN_OBJC_IMPLICIT_RETAIN_SELF = YES;
				CLANG_WARN_OBJC_LITERAL_CONVERSION = YES;
				CLANG_WARN_OBJC_ROOT_CLASS = YES_ERROR;
				CLANG_WARN_QUOTED_INCLUDE_IN_FRAMEWORK_HEADER = YES;
				CLANG_WARN_RANGE_LOOP_ANALYSIS = YES;
				CLANG_WARN_STRICT_PROTOTYPES = YES;
				CLANG_WARN_SUSPICIOUS_MOVE = YES;
				CLANG_WARN_UNGUARDED_AVAILABILITY = YES_AGGRESSIVE;
				CLANG_WARN_UNREACHABLE_CODE = YES;
				CLANG_WARN__DUPLICATE_METHOD_MATCH = YES;
				COPY_PHASE_STRIP = NO;
				DEBUG_INFORMATION_FORMAT = dwarf;
				ENABLE_STRICT_OBJC_MSGSEND = YES;
				ENABLE_TESTABILITY = YES;
				ENABLE_USER_SCRIPT_SANDBOXING = YES;
				GCC_C_LANGUAGE_STANDARD = gnu17;
				GCC_DYNAMIC_NO_PIC = NO;
				GCC_NO_COMMON_BLOCKS = YES;
				GCC_OPTIMIZATION_LEVEL = 0;
				GCC_PREPROCESSOR_DEFINITIONS = (
					"DEBUG=1",
					"$(inherited)",
				);
				GCC_WARN_64_TO_32_BIT_CONVERSION = YES;
				GCC_WARN_ABOUT_RETURN_TYPE = YES_ERROR;
				GCC_WARN_UNDECLARED_SELECTOR = YES;
				GCC_WARN_UNINITIALIZED_AUTOS = YES_AGGRESSIVE;
				GCC_WARN_UNUSED_FUNCTION = YES;
				GCC_WARN_UNUSED_VARIABLE = YES;
				IPHONEOS_DEPLOYMENT_TARGET = 17.5;
				LOCALIZATION_PREFERS_STRING_CATALOGS = YES;
				MTL_ENABLE_DEBUG_INFO = INCLUDE_SOURCE;
				MTL_FAST_MATH = YES;
				ONLY_ACTIVE_ARCH = YES;
				SDKROOT = iphoneos;
				SWIFT_ACTIVE_COMPILATION_CONDITIONS = "DEBUG $(inherited)";
				SWIFT_OPTIMIZATION_LEVEL = "-Onone";
			};
			name = Debug;
		};
		F2737FD92CF2A00000C02529 /* Release */ = {
			isa = XCBuildConfiguration;
			buildSettings = {
				ALWAYS_SEARCH_USER_PATHS = NO;
				ASSETCATALOG_COMPILER_GENERATE_SWIFT_ASSET_SYMBOL_EXTENSIONS = YES;
				CLANG_ANALYZER_NONNULL = YES;
				CLANG_ANALYZER_NUMBER_OBJECT_CONVERSION = YES_AGGRESSIVE;
				CLANG_CXX_LANGUAGE_STANDARD = "gnu++20";
				CLANG_ENABLE_MODULES = YES;
				CLANG_ENABLE_OBJC_ARC = YES;
				CLANG_ENABLE_OBJC_WEAK = YES;
				CLANG_WARN_BLOCK_CAPTURE_AUTORELEASING = YES;
				CLANG_WARN_BOOL_CONVERSION = YES;
				CLANG_WARN_COMMA = YES;
				CLANG_WARN_CONSTANT_CONVERSION = YES;
				CLANG_WARN_DEPRECATED_OBJC_IMPLEMENTATIONS = YES;
				CLANG_WARN_DIRECT_OBJC_ISA_USAGE = YES_ERROR;
				CLANG_WARN_DOCUMENTATION_COMMENTS = YES;
				CLANG_WARN_EMPTY_BODY = YES;
				CLANG_WARN_ENUM_CONVERSION = YES;
				CLANG_WARN_INFINITE_RECURSION = YES;
				CLANG_WARN_INT_CONVERSION = YES;
				CLANG_WARN_NON_LITERAL_NULL_CONVERSION = YES;
				CLANG_WARN_OBJC_IMPLICIT_RETAIN_SELF = YES;
				CLANG_WARN_OBJC_LITERAL_CONVERSION = YES;
				CLANG_WARN_OBJC_ROOT_CLASS = YES_ERROR;
				CLANG_WARN_QUOTED_INCLUDE_IN_FRAMEWORK_HEADER = YES;
				CLANG_WARN_RANGE_LOOP_ANALYSIS = YES;
				CLANG_WARN_STRICT_PROTOTYPES = YES;
				CLANG_WARN_SUSPICIOUS_MOVE = YES;
				CLANG_WARN_UNGUARDED_AVAILABILITY = YES_AGGRESSIVE;
				CLANG_WARN_UNREACHABLE_CODE = YES;
				CLANG_WARN__DUPLICATE_METHOD_MATCH = YES;
				COPY_PHASE_STRIP = NO;
				DEBUG_INFORMATION_FORMAT = "dwarf-with-dsym";
				ENABLE_NS_ASSERTIONS = NO;
				ENABLE_STRICT_OBJC_MSGSEND = YES;
				ENABLE_USER_SCRIPT_SANDBOXING = YES;
				GCC_C_LANGUAGE_STANDARD = gnu17;
				GCC_NO_COMMON_BLOCKS = YES;
				GCC_WARN_64_TO_32_BIT_CONVERSION = YES;
				GCC_WARN_ABOUT_RETURN_TYPE = YES_ERROR;
				GCC_WARN_UNDECLARED_SELECTOR = YES;
				GCC_WARN_UNINITIALIZED_AUTOS = YES_AGGRESSIVE;
				GCC_WARN_UNUSED_FUNCTION = YES;
				GCC_WARN_UNUSED_VARIABLE = YES;
				IPHONEOS_DEPLOYMENT_TARGET = 17.5;
				LOCALIZATION_PREFERS_STRING_CATALOGS = YES;
				MTL_ENABLE_DEBUG_INFO = NO;
				MTL_FAST_MATH = YES;
				SDKROOT = iphoneos;
				SWIFT_COMPILATION_MODE = wholemodule;
				VALIDATE_PRODUCT = YES;
			};
			name = Release;
		};
		F2737FDB2CF2A00000C02529 /* Debug */ = {
			isa = XCBuildConfiguration;
			buildSettings = {
				ASSETCATALOG_COMPILER_APPICON_NAME = AppIcon;
				ASSETCATALOG_COMPILER_GLOBAL_ACCENT_COLOR_NAME = AccentColor;
				CODE_SIGN_STYLE = Automatic;
				CURRENT_PROJECT_VERSION = 1;
				DEVELOPMENT_ASSET_PATHS = "\"BeReal_Clone/Preview Content\"";
				ENABLE_PREVIEWS = YES;
				GENERATE_INFOPLIST_FILE = YES;
				INFOPLIST_KEY_UIApplicationSceneManifest_Generation = YES;
				INFOPLIST_KEY_UIApplicationSupportsIndirectInputEvents = YES;
				INFOPLIST_KEY_UILaunchScreen_Generation = YES;
				INFOPLIST_KEY_UISupportedInterfaceOrientations_iPad = "UIInterfaceOrientationPortrait UIInterfaceOrientationPortraitUpsideDown UIInterfaceOrientationLandscapeLeft UIInterfaceOrientationLandscapeRight";
				INFOPLIST_KEY_UISupportedInterfaceOrientations_iPhone = "UIInterfaceOrientationPortrait UIInterfaceOrientationLandscapeLeft UIInterfaceOrientationLandscapeRight";
				LD_RUNPATH_SEARCH_PATHS = (
					"$(inherited)",
					"@executable_path/Frameworks",
				);
				MARKETING_VERSION = 1.0;
				PRODUCT_BUNDLE_IDENTIFIER = "ios.zp.fiu.edu.BeReal-Clone";
				PRODUCT_NAME = "$(TARGET_NAME)";
				SWIFT_EMIT_LOC_STRINGS = YES;
				SWIFT_VERSION = 5.0;
				TARGETED_DEVICE_FAMILY = "1,2";
			};
			name = Debug;
		};
		F2737FDC2CF2A00000C02529 /* Release */ = {
			isa = XCBuildConfiguration;
			buildSettings = {
				ASSETCATALOG_COMPILER_APPICON_NAME = AppIcon;
				ASSETCATALOG_COMPILER_GLOBAL_ACCENT_COLOR_NAME = AccentColor;
				CODE_SIGN_STYLE = Automatic;
				CURRENT_PROJECT_VERSION = 1;
				DEVELOPMENT_ASSET_PATHS = "\"BeReal_Clone/Preview Content\"";
				ENABLE_PREVIEWS = YES;
				GENERATE_INFOPLIST_FILE = YES;
				INFOPLIST_KEY_UIApplicationSceneManifest_Generation = YES;
				INFOPLIST_KEY_UIApplicationSupportsIndirectInputEvents = YES;
				INFOPLIST_KEY_UILaunchScreen_Generation = YES;
				INFOPLIST_KEY_UISupportedInterfaceOrientations_iPad = "UIInterfaceOrientationPortrait UIInterfaceOrientationPortraitUpsideDown UIInterfaceOrientationLandscapeLeft UIInterfaceOrientationLandscapeRight";
				INFOPLIST_KEY_UISupportedInterfaceOrientations_iPhone = "UIInterfaceOrientationPortrait UIInterfaceOrientationLandscapeLeft UIInterfaceOrientationLandscapeRight";
				LD_RUNPATH_SEARCH_PATHS = (
					"$(inherited)",
					"@executable_path/Frameworks",
				);
				MARKETING_VERSION = 1.0;
				PRODUCT_BUNDLE_IDENTIFIER = "ios.zp.fiu.edu.BeReal-Clone";
				PRODUCT_NAME = "$(TARGET_NAME)";
				SWIFT_EMIT_LOC_STRINGS = YES;
				SWIFT_VERSION = 5.0;
				TARGETED_DEVICE_FAMILY = "1,2";
			};
			name = Release;
		};
/* End XCBuildConfiguration section */

/* Begin XCConfigurationList section */
		F2737FC72CF29FFE00C02529 /* Build configuration list for PBXProject "BeReal_Clone" */ = {
			isa = XCConfigurationList;
			buildConfigurations = (
				F2737FD82CF2A00000C02529 /* Debug */,
				F2737FD92CF2A00000C02529 /* Release */,
			);
			defaultConfigurationIsVisible = 0;
			defaultConfigurationName = Release;
		};
		F2737FDA2CF2A00000C02529 /* Build configuration list for PBXNativeTarget "BeReal_Clone" */ = {
			isa = XCConfigurationList;
			buildConfigurations = (
				F2737FDB2CF2A00000C02529 /* Debug */,
				F2737FDC2CF2A00000C02529 /* Release */,
			);
			defaultConfigurationIsVisible = 0;
			defaultConfigurationName = Release;
		};
/* End XCConfigurationList section */

/* Begin XCRemoteSwiftPackageReference section */
		F2737FEB2CF377BC00C02529 /* XCRemoteSwiftPackageReference "Parse-Swift" */ = {
			isa = XCRemoteSwiftPackageReference;
			repositoryURL = "https://github.com/parse-community/Parse-Swift";
			requirement = {
				kind = upToNextMajorVersion;
				minimumVersion = 4.14.2;
			};
		};
/* End XCRemoteSwiftPackageReference section */

/* Begin XCSwiftPackageProductDependency section */
		F2737FEC2CF377BC00C02529 /* ParseSwift */ = {
			isa = XCSwiftPackageProductDependency;
			package = F2737FEB2CF377BC00C02529 /* XCRemoteSwiftPackageReference "Parse-Swift" */;
			productName = ParseSwift;
		};
/* End XCSwiftPackageProductDependency section */
	};
	rootObject = F2737FC42CF29FFE00C02529 /* Project object */;
}
